{
  "lockfileVersion": 1,
  "configVersion": 1,
  "workspaces": {
    "": {
      "name": "omp-auth-broker",
      "devDependencies": {
        "@types/bun": "latest",
        "typescript": "^5.7.3",
      },
    },
    "packages/broker": {
      "name": "@omp-auth-broker/broker",
      "bin": {
        "omp-auth-broker": "./src/main.ts",
      },
      "dependencies": {
        "@oh-my-pi/pi-ai": "^18.0.5",
        "@oh-my-pi/pi-utils": "^18.0.5",
      },
    },
    "packages/ui": {
      "name": "@omp-auth-broker/ui",
      "dependencies": {
        "htm": "^3.1.1",
        "preact": "^10.24.0",
      },
    },
  },
  "packages": {
    "@oh-my-pi/omptype": ["@oh-my-pi/omptype@18.0.6", "", {}, "sha512-f0K0NqEhbCCKuBp3BPa6EAGyz1waDJuoN1LKJVHkuk8mHG3zmby1X1bncJ8IZS7hH7jXFDUoBP1RZpwT46JlGQ=="],

    "@oh-my-pi/pi-ai": ["@oh-my-pi/pi-ai@18.0.6", "", { "dependencies": { "@oh-my-pi/omptype": "18.0.6", "@oh-my-pi/pi-catalog": "18.0.6", "@oh-my-pi/pi-utils": "18.0.6", "@oh-my-pi/pi-wire": "18.0.6" } }, "sha512-22qY/cgpiPJK8e4+OznznXk5Fu6Ao6IPvnPOTGbOM3FclG4TtuhwU8B8T/EbZL4Z89y5mHek2cUjoliP5F2ROw=="],

    "@oh-my-pi/pi-catalog": ["@oh-my-pi/pi-catalog@18.0.6", "", { "dependencies": { "@oh-my-pi/omptype": "18.0.6", "@oh-my-pi/pi-utils": "18.0.6" } }, "sha512-ocF/dMPWkhNBfJq8lTf8j8Z7iYyWPIuKqrtzz5eWYHm2L6YJmJVyWKg/jfgTiAxvoA84XlVH9hCpddnBEFycKg=="],

    "@oh-my-pi/pi-natives": ["@oh-my-pi/pi-natives@18.0.6", "", { "optionalDependencies": { "@oh-my-pi/pi-natives-darwin-arm64": "18.0.6", "@oh-my-pi/pi-natives-darwin-x64": "18.0.6", "@oh-my-pi/pi-natives-linux-arm64": "18.0.6", "@oh-my-pi/pi-natives-linux-x64": "18.0.6", "@oh-my-pi/pi-natives-win32-x64": "18.0.6" } }, "sha512-cgbZlTcqdwyxdDJy5VvHAkJ/smC8eRhFd3gCghGb2q7EbVX+IKUwycZQYQZeixOsVThGmAor1c5XLD/RZU9wGg=="],

    "@oh-my-pi/pi-natives-darwin-arm64": ["@oh-my-pi/pi-natives-darwin-arm64@18.0.6", "", { "os": "darwin", "cpu": "arm64" }, "sha512-gpJtuH2SMPiC+znmGhbF/3zjLjCgsh42dUkl4rVOuZeHeT5VWnY2p+go+ke+3r8hR2Y1DbRyCeBFInfbz9ZTvQ=="],

    "@oh-my-pi/pi-natives-darwin-x64": ["@oh-my-pi/pi-natives-darwin-x64@18.0.6", "", { "os": "darwin", "cpu": "x64" }, "sha512-Fpl2HpVDqAjP9ZTPstiphS5YDDk6nGLi5Grtoz/R2qSWp9hqC/Ytr0IsWXsQoOLIC/j5RyM2D+ShY3YXdae6BQ=="],

    "@oh-my-pi/pi-natives-linux-arm64": ["@oh-my-pi/pi-natives-linux-arm64@18.0.6", "", { "os": "linux", "cpu": "arm64" }, "sha512-jpA56eTLiEQ4a/7o0F6eQMPg6XNgisZRXIidND5wHz08nIxCWwLCFJKrrxGp3MbQqY4+M/LLBHRocwddCHCfYQ=="],

    "@oh-my-pi/pi-natives-linux-x64": ["@oh-my-pi/pi-natives-linux-x64@18.0.6", "", { "os": "linux", "cpu": "x64" }, "sha512-weVh8o2Qrx2Jyq3DTybBuCwflhAhmFAUKwOTNlbh9F/QHl6tjG9UBoe/az2HObkM3L+1fJBoHUwyNlxxhORjrQ=="],

    "@oh-my-pi/pi-natives-win32-x64": ["@oh-my-pi/pi-natives-win32-x64@18.0.6", "", { "os": "win32", "cpu": "x64" }, "sha512-CSjN8/nUIwAsGv9FEdDygfmZu7otFZ8KpDrDlHnoxuho9teGEBOr98HfQJOCjd3k16GR+w5whZc49Zmf8zbPKw=="],

    "@oh-my-pi/pi-utils": ["@oh-my-pi/pi-utils@18.0.6", "", { "dependencies": { "@oh-my-pi/pi-natives": "18.0.6" } }, "sha512-dJqs36lx4qWVlGGVvjrmHqg7jHweGWuqpDoIG1OnyC0P3MSzOAtHOJa5XE4eg75CPG1txYJb+x1J0+5H7xi07A=="],

    "@oh-my-pi/pi-wire": ["@oh-my-pi/pi-wire@18.0.6", "", {}, "sha512-EEkKOkD2BmMg9+rPOjmfJEFF+sOzzAIRbyWglw6A1LmY+HBx6LqJE4dSV7OQpq63plPTs3b8o/rOYLZYeJzCvw=="],

    "@omp-auth-broker/broker": ["@omp-auth-broker/broker@workspace:packages/broker"],

    "@omp-auth-broker/ui": ["@omp-auth-broker/ui@workspace:packages/ui"],

    "@types/bun": ["@types/bun@1.4.0", "", { "dependencies": { "bun-types": "1.4.0" } }, "sha512-K+lZULY23vRgK/CfTjFIV+tyifaNdSMlPh9j+6mQ/cLfpOznLyAuzgV/JQysyECpkBQLVMSyvjlr2fBUSA9wFQ=="],

    "@types/node": ["@types/node@26.3.0", "", { "dependencies": { "undici-types": "~8.3.0" } }, "sha512-L3fgrnchriRC2ExBflb8j4uZZURHZfQsmQeyVzhjcHW4kkwVyo8/0h1B2MVzMTrYUJYu6G7EWs14hW/L9putqw=="],

    "bun-types": ["bun-types@1.4.0", "", { "dependencies": { "@types/node": "*" } }, "sha512-iIKw23BspnQQYd3prITOBxeUsxBHnwzX6YJfGMuNOZzeNcMmVqzIIVGRm1l69ogaPQmb4wB6BN8mA5bE9YuC5Q=="],

    "htm": ["htm@3.1.1", "", {}, "sha512-983Vyg8NwUE7JkZ6NmOqpCZ+sh1bKv2iYTlUkzlWmA5JD2acKoxd4KVxbMmxX/85mtfdnDmTFoNKcg5DGAvxNQ=="],

    "preact": ["preact@10.29.8", "", { "peerDependencies": { "preact-render-to-string": ">=5" }, "optionalPeers": ["preact-render-to-string"] }, "sha512-ej2aVZ+vZ8WO7tvlQWRM9N63A0KzF9q4mWJfDUHgYaIofWY9hu74QdnQrjoPMmZi2/nZ5gN0bJCQF49xQqx09Q=="],

    "typescript": ["typescript@5.9.3", "", { "bin": { "tsc": "bin/tsc", "tsserver": "bin/tsserver" } }, "sha512-jl1vZzPDinLr9eUt3J/t7V6FgNEw9QjvBPdysz9KfQDD41fQrC2Y4vKQdiaUpFT4bXlb1RHhLpp8wtm6M5TgSw=="],

    "undici-types": ["undici-types@8.3.0", "", {}, "sha512-j375ScV60dom+YkPFIfTLcOiPxkN/buHz5GobjLhixFuANaNs3C9l4GmrWqejgXWJ7BbJcFYpTEUkS1Ge8bpZQ=="],
  }
}
